
Microsoft Visual Studio Solution File, Format Version 12.00
# Visual Studio Version 17
VisualStudioVersion = 17.14.36511.14 d17.14
MinimumVisualStudioVersion = 10.0.40219.1
Project("{FAE04EC0-301F-11D3-BF4B-00C04F79EFBC}") = "WPFGuessWhoClient", "GuessWhoClient\WPFGuessWhoClient.csproj", "{E01E2B1E-B547-4F4C-9828-289885C436BC}"
EndProject
Project("{FAE04EC0-301F-11D3-BF4B-00C04F79EFBC}") = "ClassLibraryGuessWho", "ClassLibraryGuessWho\ClassLibraryGuessWho.csproj", "{44E7E4EC-8FAF-47A3-8FE0-09069937C3B5}"
EndProject
Global
	GlobalSection(SolutionConfigurationPlatforms) = preSolution
		Debug|Any CPU = Debug|Any CPU
		Release|Any CPU = Release|Any CPU
	EndGlobalSection
	GlobalSection(ProjectConfigurationPlatforms) = postSolution
		{E01E2B1E-B547-4F4C-9828-289885C436BC}.Debug|Any CPU.ActiveCfg = Debug|Any CPU
		{E01E2B1E-B547-4F4C-9828-289885C436BC}.Debug|Any CPU.Build.0 = Debug|Any CPU
		{E01E2B1E-B547-4F4C-9828-289885C436BC}.Release|Any CPU.ActiveCfg = Release|Any CPU
		{E01E2B1E-B547-4F4C-9828-289885C436BC}.Release|Any CPU.Build.0 = Release|Any CPU
		{44E7E4EC-8FAF-47A3-8FE0-09069937C3B5}.Debug|Any CPU.ActiveCfg = Debug|Any CPU
		{44E7E4EC-8FAF-47A3-8FE0-09069937C3B5}.Debug|Any CPU.Build.0 = Debug|Any CPU
		{44E7E4EC-8FAF-47A3-8FE0-09069937C3B5}.Release|Any CPU.ActiveCfg = Release|Any CPU
		{44E7E4EC-8FAF-47A3-8FE0-09069937C3B5}.Release|Any CPU.Build.0 = Release|Any CPU
	EndGlobalSection
	GlobalSection(SolutionProperties) = preSolution
		HideSolutionNode = FALSE
	EndGlobalSection
	GlobalSection(ExtensibilityGlobals) = postSolution
		SolutionGuid = {DFE5652C-D01F-4715-B80D-BF0D03228884}
	EndGlobalSection
EndGlobal
